
Microsoft Visual Studio Solution File, Format Version 12.00
# Visual Studio Version 16
VisualStudioVersion = 16.0.30114.105
MinimumVisualStudioVersion = 10.0.40219.1
Project("{9A19103F-16F7-4668-BE54-9A1E7A4F7556}") = "Tp3_GerenciamentoDeAniversarios", "Tp3_GerenciamentoDeAniversarios\Tp3_GerenciamentoDeAniversarios.csproj", "{67455357-5912-4847-98FB-B3DB83DAEF80}"
EndProject
Global
	GlobalSection(SolutionConfigurationPlatforms) = preSolution
		Debug|Any CPU = Debug|Any CPU
		Release|Any CPU = Release|Any CPU
	EndGlobalSection
	GlobalSection(ProjectConfigurationPlatforms) = postSolution
		{67455357-5912-4847-98FB-B3DB83DAEF80}.Debug|Any CPU.ActiveCfg = Debug|Any CPU
		{67455357-5912-4847-98FB-B3DB83DAEF80}.Debug|Any CPU.Build.0 = Debug|Any CPU
		{67455357-5912-4847-98FB-B3DB83DAEF80}.Release|Any CPU.ActiveCfg = Release|Any CPU
		{67455357-5912-4847-98FB-B3DB83DAEF80}.Release|Any CPU.Build.0 = Release|Any CPU
	EndGlobalSection
	GlobalSection(SolutionProperties) = preSolution
		HideSolutionNode = FALSE
	EndGlobalSection
	GlobalSection(ExtensibilityGlobals) = postSolution
		SolutionGuid = {93DA7945-D8F3-47F9-9492-2F217ECF717D}
	EndGlobalSection
EndGlobal
